PODS:
  - ali_push (0.0.1):
    - AlicloudPush (~> 1.9.9)
    - Flutter
  - AlicloudPush (1.9.9.6):
    - AlicloudSender
    - AlicloudUT
    - AlicloudUtils
  - AlicloudSender (1.0.0.3):
    - AlicloudUTDID
    - EMASRest
  - AlicloudUT (5.2.0.16):
    - AlicloudUTDID
  - AlicloudUTDID (1.5.0.94)
  - AlicloudUtils (1.3.9):
    - AlicloudUTDID
  - EMASRest (11.1.1.2)
  - Flutter (1.0.0)

DEPENDENCIES:
  - ali_push (from `.symlinks/plugins/ali_push/ios`)
  - Flutter (from `Flutter`)

SPEC REPOS:
  https://github.com/aliyun/aliyun-specs.git:
    - AlicloudPush
    - AlicloudSender
    - AlicloudUT
    - AlicloudUTDID
    - AlicloudUtils
    - EMASRest

EXTERNAL SOURCES:
  ali_push:
    :path: ".symlinks/plugins/ali_push/ios"
  Flutter:
    :path: Flutter

SPEC CHECKSUMS:
  ali_push: f8b8dd800b6b6c8ebdb37f04a8254fbb6b3196b4
  AlicloudPush: ab6e76dd02cec791bb9ab789a58ab855b4f33243
  AlicloudSender: 1f468b6bd962a099ffc19d45e3608b0fe98f259d
  AlicloudUT: 6d1cf30d57d096b7e9bb4b069dd0ba6ad59a3338
  AlicloudUTDID: 7323c443dcdf9a73e2224dc6ce51703671d7a765
  AlicloudUtils: 66e0ba6ece62d7dd05e9dd95674b2c7811624c2f
  EMASRest: 8df6f87836767a9415ad5cc4af739bc9d215b475
  Flutter: 50d75fe2f02b26cc09d224853bb45737f8b3214a

PODFILE CHECKSUM: 2dabb0c8ea944b6dd9844b9acc5a3fe632e18910

COCOAPODS: 1.11.2
